{
  "name": "noughts-and-crosses",
  "version": "1.0.0",
  "lockfileVersion": 1,
  "requires": true,
  "dependencies": {
    "angular": {
      "version": "1.7.9",
      "resolved": "https://registry.npmjs.org/angular/-/angular-1.7.9.tgz",
      "integrity": "sha512-5se7ZpcOtu0MBFlzGv5dsM1quQDoDeUTwZrWjGtTNA7O88cD8TEk5IEKCTDa3uECV9XnvKREVUr7du1ACiWGFQ=="
    },
    "foundation-sites": {
      "version": "6.6.1",
      "resolved": "https://registry.npmjs.org/foundation-sites/-/foundation-sites-6.6.1.tgz",
      "integrity": "sha512-4GrCL8L3osFJM6WCNRIQs5kGX5BCKNuO2zzQN68lUTblgpH7FUE28ctkbNFqoTnkUmWARj5VtiS3oQob3H0eZA=="
    },
    "what-input": {
      "version": "5.2.6",
      "resolved": "https://registry.npmjs.org/what-input/-/what-input-5.2.6.tgz",
      "integrity": "sha512-a0BcI5YR7xp87vSzGcbN0IszJKpUQuTmrZaTSQBl7TLDIdKj6rDhluQ7b/7lYGG81gWDvkySsEvwv4BW5an9kg=="
    }
  }
}
